{
  "name": "webgpu-tutorials",
  "lockfileVersion": 3,
  "requires": true,
  "packages": {
    "": {
      "dependencies": {
        "gl-matrix": "^3.4.4"
      },
      "devDependencies": {
        "@types/gl-matrix": "^3.2.0",
        "@webgpu/types": "^0.1.68",
        "typescript": "^5.9.3"
      }
    },
    "node_modules/@types/gl-matrix": {
      "version": "3.2.0",
      "resolved": "https://registry.npmjs.org/@types/gl-matrix/-/gl-matrix-3.2.0.tgz",
      "integrity": "sha512-CY4JAtSOGQX7rVgqVuOk7ZfaLv8VeadDMPj3smMOy8Hp/YiHONa3Mr0mEUgbo0eEwV7+Owpf6BwspcA7hv4NXg==",
      "deprecated": "This is a stub types definition. gl-matrix provides its own type definitions, so you do not need this installed.",
      "dev": true,
      "dependencies": {
        "gl-matrix": "*"
      }
    },
    "node_modules/@webgpu/types": {
      "version": "0.1.68",
      "resolved": "https://registry.npmjs.org/@webgpu/types/-/types-0.1.68.tgz",
      "integrity": "sha512-3ab1B59Ojb6RwjOspYLsTpCzbNB3ZaamIAxBMmvnNkiDoLTZUOBXZ9p5nAYVEkQlDdf6qAZWi1pqj9+ypiqznA==",
      "dev": true
    },
    "node_modules/gl-matrix": {
      "version": "3.4.4",
      "resolved": "https://registry.npmjs.org/gl-matrix/-/gl-matrix-3.4.4.tgz",
      "integrity": "sha512-latSnyDNt/8zYUB6VIJ6PCh2jBjJX6gnDsoCZ7LyW7GkqrD51EWwa9qCoGixj8YqBtETQK/xY7OmpTF8xz1DdQ=="
    },
    "node_modules/typescript": {
      "version": "5.9.3",
      "resolved": "https://registry.npmjs.org/typescript/-/typescript-5.9.3.tgz",
      "integrity": "sha512-jl1vZzPDinLr9eUt3J/t7V6FgNEw9QjvBPdysz9KfQDD41fQrC2Y4vKQdiaUpFT4bXlb1RHhLpp8wtm6M5TgSw==",
      "dev": true,
      "bin": {
        "tsc": "bin/tsc",
        "tsserver": "bin/tsserver"
      },
      "engines": {
        "node": ">=14.17"
      }
    }
  }
}
